
Microsoft Visual Studio Solution File, Format Version 12.00
# Visual Studio 15
VisualStudioVersion = 15.0.28010.2046
MinimumVisualStudioVersion = 10.0.40219.1
Project("{FAE04EC0-301F-11D3-BF4B-00C04F79EFBC}") = "Compiti", "Compiti\Compiti.csproj", "{BE149A7D-2ED2-42F7-A18B-15BF261E7F84}"
EndProject
Global
	GlobalSection(SolutionConfigurationPlatforms) = preSolution
		Debug|Any CPU = Debug|Any CPU
		Release|Any CPU = Release|Any CPU
	EndGlobalSection
	GlobalSection(ProjectConfigurationPlatforms) = postSolution
		{BE149A7D-2ED2-42F7-A18B-15BF261E7F84}.Debug|Any CPU.ActiveCfg = Debug|Any CPU
		{BE149A7D-2ED2-42F7-A18B-15BF261E7F84}.Debug|Any CPU.Build.0 = Debug|Any CPU
		{BE149A7D-2ED2-42F7-A18B-15BF261E7F84}.Release|Any CPU.ActiveCfg = Release|Any CPU
		{BE149A7D-2ED2-42F7-A18B-15BF261E7F84}.Release|Any CPU.Build.0 = Release|Any CPU
	EndGlobalSection
	GlobalSection(SolutionProperties) = preSolution
		HideSolutionNode = FALSE
	EndGlobalSection
	GlobalSection(ExtensibilityGlobals) = postSolution
		SolutionGuid = {B91363DD-8909-452D-8C83-6980C6C59B24}
	EndGlobalSection
EndGlobal
